
Microsoft Visual Studio Solution File, Format Version 12.00
# Visual Studio 15
VisualStudioVersion = 15.0.27428.2002
MinimumVisualStudioVersion = 10.0.40219.1
Project("{FAE04EC0-301F-11D3-BF4B-00C04F79EFBC}") = "core2Bowling", "core2Bowling\core2Bowling.csproj", "{E76FC1B0-D002-49D9-8D72-5BB347ED0262}"
EndProject
Global
	GlobalSection(SolutionConfigurationPlatforms) = preSolution
		Debug|Any CPU = Debug|Any CPU
		Release|Any CPU = Release|Any CPU
	EndGlobalSection
	GlobalSection(ProjectConfigurationPlatforms) = postSolution
		{E76FC1B0-D002-49D9-8D72-5BB347ED0262}.Debug|Any CPU.ActiveCfg = Debug|Any CPU
		{E76FC1B0-D002-49D9-8D72-5BB347ED0262}.Debug|Any CPU.Build.0 = Debug|Any CPU
		{E76FC1B0-D002-49D9-8D72-5BB347ED0262}.Release|Any CPU.ActiveCfg = Release|Any CPU
		{E76FC1B0-D002-49D9-8D72-5BB347ED0262}.Release|Any CPU.Build.0 = Release|Any CPU
	EndGlobalSection
	GlobalSection(SolutionProperties) = preSolution
		HideSolutionNode = FALSE
	EndGlobalSection
	GlobalSection(ExtensibilityGlobals) = postSolution
		SolutionGuid = {EE01D3F0-2215-4488-A93D-B23EBD66283C}
	EndGlobalSection
EndGlobal
